
Microsoft Visual Studio Solution File, Format Version 12.00
Project("{FAE04EC0-301F-11D3-BF4B-00C04F79EFBC}") = "Task1.1", "Task1.1\Task1.1.csproj", "{CA9B3368-BEBF-4D30-B63E-98EA1A31A710}"
EndProject
Project("{FAE04EC0-301F-11D3-BF4B-00C04F79EFBC}") = "Task1.2", "Task1.2\Task1.2.csproj", "{0C7CB3BA-4C23-4D8E-8FC2-CDA7CA602F86}"
EndProject
Project("{FAE04EC0-301F-11D3-BF4B-00C04F79EFBC}") = "Task1.3", "Task1.3\Task1.3.csproj", "{267EF908-FD8F-4277-826A-087029DED4AF}"
EndProject
Project("{FAE04EC0-301F-11D3-BF4B-00C04F79EFBC}") = "Task2.1", "Task2.1\Task2.1.csproj", "{BED6676D-AAE0-4ADC-AA1E-CC4EAE1C76C5}"
EndProject
Project("{FAE04EC0-301F-11D3-BF4B-00C04F79EFBC}") = "Task2.2", "Task2.2\Task2.2.csproj", "{E6CB4D0A-F022-44E6-B56B-BD5405115732}"
EndProject
Project("{FAE04EC0-301F-11D3-BF4B-00C04F79EFBC}") = "Task2.3", "Task2.3\Task2.3.csproj", "{875CE6B5-0D3C-414D-B2D2-6F423FD03861}"
EndProject
Project("{FAE04EC0-301F-11D3-BF4B-00C04F79EFBC}") = "Task2.4", "Task2.4\Task2.4.csproj", "{8F7CD881-00F7-4076-81D9-33EC4CD1DCA4}"
EndProject
Project("{FAE04EC0-301F-11D3-BF4B-00C04F79EFBC}") = "Task2.5", "Task2.5\Task2.5.csproj", "{33C6707F-D74F-4EF3-89F3-BCDC4B6CB4A6}"
EndProject
Project("{FAE04EC0-301F-11D3-BF4B-00C04F79EFBC}") = "Task3.1", "Task3.1\Task3.1.csproj", "{B38057F9-A9A3-4ACA-A838-BE5B3E67E11B}"
EndProject
Project("{FAE04EC0-301F-11D3-BF4B-00C04F79EFBC}") = "Task3.3", "Task3.3\Task3.3.csproj", "{743E815F-B651-45F4-846D-D3BC9AB0D7B5}"
EndProject
Project("{FAE04EC0-301F-11D3-BF4B-00C04F79EFBC}") = "Task4.1", "Task4.1\Task4.1.csproj", "{B27B36F8-E7F6-403C-92C2-9219A0BC6BE1}"
EndProject
Project("{FAE04EC0-301F-11D3-BF4B-00C04F79EFBC}") = "Task5.1", "Task5.1\Task5.1.csproj", "{8F6E37B0-857B-47D5-896D-2ED9F0BAF506}"
EndProject
Global
	GlobalSection(SolutionConfigurationPlatforms) = preSolution
		Debug|Any CPU = Debug|Any CPU
		Release|Any CPU = Release|Any CPU
	EndGlobalSection
	GlobalSection(ProjectConfigurationPlatforms) = postSolution
		{CA9B3368-BEBF-4D30-B63E-98EA1A31A710}.Debug|Any CPU.ActiveCfg = Debug|Any CPU
		{CA9B3368-BEBF-4D30-B63E-98EA1A31A710}.Debug|Any CPU.Build.0 = Debug|Any CPU
		{CA9B3368-BEBF-4D30-B63E-98EA1A31A710}.Release|Any CPU.ActiveCfg = Release|Any CPU
		{CA9B3368-BEBF-4D30-B63E-98EA1A31A710}.Release|Any CPU.Build.0 = Release|Any CPU
		{0C7CB3BA-4C23-4D8E-8FC2-CDA7CA602F86}.Debug|Any CPU.ActiveCfg = Debug|Any CPU
		{0C7CB3BA-4C23-4D8E-8FC2-CDA7CA602F86}.Debug|Any CPU.Build.0 = Debug|Any CPU
		{0C7CB3BA-4C23-4D8E-8FC2-CDA7CA602F86}.Release|Any CPU.ActiveCfg = Release|Any CPU
		{0C7CB3BA-4C23-4D8E-8FC2-CDA7CA602F86}.Release|Any CPU.Build.0 = Release|Any CPU
		{267EF908-FD8F-4277-826A-087029DED4AF}.Debug|Any CPU.ActiveCfg = Debug|Any CPU
		{267EF908-FD8F-4277-826A-087029DED4AF}.Debug|Any CPU.Build.0 = Debug|Any CPU
		{267EF908-FD8F-4277-826A-087029DED4AF}.Release|Any CPU.ActiveCfg = Release|Any CPU
		{267EF908-FD8F-4277-826A-087029DED4AF}.Release|Any CPU.Build.0 = Release|Any CPU
		{BED6676D-AAE0-4ADC-AA1E-CC4EAE1C76C5}.Debug|Any CPU.ActiveCfg = Debug|Any CPU
		{BED6676D-AAE0-4ADC-AA1E-CC4EAE1C76C5}.Debug|Any CPU.Build.0 = Debug|Any CPU
		{BED6676D-AAE0-4ADC-AA1E-CC4EAE1C76C5}.Release|Any CPU.ActiveCfg = Release|Any CPU
		{BED6676D-AAE0-4ADC-AA1E-CC4EAE1C76C5}.Release|Any CPU.Build.0 = Release|Any CPU
		{E6CB4D0A-F022-44E6-B56B-BD5405115732}.Debug|Any CPU.ActiveCfg = Debug|Any CPU
		{E6CB4D0A-F022-44E6-B56B-BD5405115732}.Debug|Any CPU.Build.0 = Debug|Any CPU
		{E6CB4D0A-F022-44E6-B56B-BD5405115732}.Release|Any CPU.ActiveCfg = Release|Any CPU
		{E6CB4D0A-F022-44E6-B56B-BD5405115732}.Release|Any CPU.Build.0 = Release|Any CPU
		{875CE6B5-0D3C-414D-B2D2-6F423FD03861}.Debug|Any CPU.ActiveCfg = Debug|Any CPU
		{875CE6B5-0D3C-414D-B2D2-6F423FD03861}.Debug|Any CPU.Build.0 = Debug|Any CPU
		{875CE6B5-0D3C-414D-B2D2-6F423FD03861}.Release|Any CPU.ActiveCfg = Release|Any CPU
		{875CE6B5-0D3C-414D-B2D2-6F423FD03861}.Release|Any CPU.Build.0 = Release|Any CPU
		{8F7CD881-00F7-4076-81D9-33EC4CD1DCA4}.Debug|Any CPU.ActiveCfg = Debug|Any CPU
		{8F7CD881-00F7-4076-81D9-33EC4CD1DCA4}.Debug|Any CPU.Build.0 = Debug|Any CPU
		{8F7CD881-00F7-4076-81D9-33EC4CD1DCA4}.Release|Any CPU.ActiveCfg = Release|Any CPU
		{8F7CD881-00F7-4076-81D9-33EC4CD1DCA4}.Release|Any CPU.Build.0 = Release|Any CPU
		{33C6707F-D74F-4EF3-89F3-BCDC4B6CB4A6}.Debug|Any CPU.ActiveCfg = Debug|Any CPU
		{33C6707F-D74F-4EF3-89F3-BCDC4B6CB4A6}.Debug|Any CPU.Build.0 = Debug|Any CPU
		{33C6707F-D74F-4EF3-89F3-BCDC4B6CB4A6}.Release|Any CPU.ActiveCfg = Release|Any CPU
		{33C6707F-D74F-4EF3-89F3-BCDC4B6CB4A6}.Release|Any CPU.Build.0 = Release|Any CPU
		{B38057F9-A9A3-4ACA-A838-BE5B3E67E11B}.Debug|Any CPU.ActiveCfg = Debug|Any CPU
		{B38057F9-A9A3-4ACA-A838-BE5B3E67E11B}.Debug|Any CPU.Build.0 = Debug|Any CPU
		{B38057F9-A9A3-4ACA-A838-BE5B3E67E11B}.Release|Any CPU.ActiveCfg = Release|Any CPU
		{B38057F9-A9A3-4ACA-A838-BE5B3E67E11B}.Release|Any CPU.Build.0 = Release|Any CPU
		{743E815F-B651-45F4-846D-D3BC9AB0D7B5}.Debug|Any CPU.ActiveCfg = Debug|Any CPU
		{743E815F-B651-45F4-846D-D3BC9AB0D7B5}.Debug|Any CPU.Build.0 = Debug|Any CPU
		{743E815F-B651-45F4-846D-D3BC9AB0D7B5}.Release|Any CPU.ActiveCfg = Release|Any CPU
		{743E815F-B651-45F4-846D-D3BC9AB0D7B5}.Release|Any CPU.Build.0 = Release|Any CPU
		{B27B36F8-E7F6-403C-92C2-9219A0BC6BE1}.Debug|Any CPU.ActiveCfg = Debug|Any CPU
		{B27B36F8-E7F6-403C-92C2-9219A0BC6BE1}.Debug|Any CPU.Build.0 = Debug|Any CPU
		{B27B36F8-E7F6-403C-92C2-9219A0BC6BE1}.Release|Any CPU.ActiveCfg = Release|Any CPU
		{B27B36F8-E7F6-403C-92C2-9219A0BC6BE1}.Release|Any CPU.Build.0 = Release|Any CPU
		{8F6E37B0-857B-47D5-896D-2ED9F0BAF506}.Debug|Any CPU.ActiveCfg = Debug|Any CPU
		{8F6E37B0-857B-47D5-896D-2ED9F0BAF506}.Debug|Any CPU.Build.0 = Debug|Any CPU
		{8F6E37B0-857B-47D5-896D-2ED9F0BAF506}.Release|Any CPU.ActiveCfg = Release|Any CPU
		{8F6E37B0-857B-47D5-896D-2ED9F0BAF506}.Release|Any CPU.Build.0 = Release|Any CPU
	EndGlobalSection
EndGlobal
